
Microsoft Visual Studio Solution File, Format Version 12.00
# Visual Studio Version 17
VisualStudioVersion = 17.0.31903.59
MinimumVisualStudioVersion = 10.0.40219.1
Project("{2150E333-8FDC-42A3-9474-1A3956D46DE8}") = "src", "src", "{F4442510-A053-4646-B0CE-DED5BBD40BAB}"
EndProject
Project("{FAE04EC0-301F-11D3-BF4B-00C04F79EFBC}") = "AuctionService", "src\AuctionService\AuctionService.csproj", "{007C3613-7865-409E-B8EE-2786CDBD6CC5}"
EndProject
Project("{FAE04EC0-301F-11D3-BF4B-00C04F79EFBC}") = "SearchService", "src\SearchService\SearchService.csproj", "{7D102F61-647B-4EF9-8D3F-CFD01A6331ED}"
EndProject
Project("{FAE04EC0-301F-11D3-BF4B-00C04F79EFBC}") = "Contracts", "src\Contracts\Contracts.csproj", "{DDF1E8A7-2C7D-4321-920F-6DA195202C0B}"
EndProject
Project("{FAE04EC0-301F-11D3-BF4B-00C04F79EFBC}") = "IdentityService", "src\IdentityService\IdentityService.csproj", "{FA6352DF-C422-41C4-9E74-6B4C6B90EE3B}"
EndProject
Project("{FAE04EC0-301F-11D3-BF4B-00C04F79EFBC}") = "GatewayService", "src\GatewayService\GatewayService.csproj", "{07524B49-88D1-4D2C-9DC7-AE7920F91E81}"
EndProject
Project("{2150E333-8FDC-42A3-9474-1A3956D46DE8}") = "tests", "tests", "{6B612C3A-3DDE-46F2-B768-E0284DA2D5F7}"
EndProject
Project("{FAE04EC0-301F-11D3-BF4B-00C04F79EFBC}") = "AuctionService.UnitTests", "tests\AuctionService.UnitTests\AuctionService.UnitTests.csproj", "{C0CFEFEF-602B-48F1-93F0-866BDD1E93B1}"
EndProject
Project("{FAE04EC0-301F-11D3-BF4B-00C04F79EFBC}") = "AuctionService.IntegrationTests", "tests\AuctionService.IntegrationTests\AuctionService.IntegrationTests.csproj", "{13B5389A-611A-4BCF-A926-9B38EA957A22}"
EndProject
Global
	GlobalSection(SolutionConfigurationPlatforms) = preSolution
		Debug|Any CPU = Debug|Any CPU
		Release|Any CPU = Release|Any CPU
	EndGlobalSection
	GlobalSection(SolutionProperties) = preSolution
		HideSolutionNode = FALSE
	EndGlobalSection
	GlobalSection(ProjectConfigurationPlatforms) = postSolution
		{007C3613-7865-409E-B8EE-2786CDBD6CC5}.Debug|Any CPU.ActiveCfg = Debug|Any CPU
		{007C3613-7865-409E-B8EE-2786CDBD6CC5}.Debug|Any CPU.Build.0 = Debug|Any CPU
		{007C3613-7865-409E-B8EE-2786CDBD6CC5}.Release|Any CPU.ActiveCfg = Release|Any CPU
		{007C3613-7865-409E-B8EE-2786CDBD6CC5}.Release|Any CPU.Build.0 = Release|Any CPU
		{7D102F61-647B-4EF9-8D3F-CFD01A6331ED}.Debug|Any CPU.ActiveCfg = Debug|Any CPU
		{7D102F61-647B-4EF9-8D3F-CFD01A6331ED}.Debug|Any CPU.Build.0 = Debug|Any CPU
		{7D102F61-647B-4EF9-8D3F-CFD01A6331ED}.Release|Any CPU.ActiveCfg = Release|Any CPU
		{7D102F61-647B-4EF9-8D3F-CFD01A6331ED}.Release|Any CPU.Build.0 = Release|Any CPU
		{DDF1E8A7-2C7D-4321-920F-6DA195202C0B}.Debug|Any CPU.ActiveCfg = Debug|Any CPU
		{DDF1E8A7-2C7D-4321-920F-6DA195202C0B}.Debug|Any CPU.Build.0 = Debug|Any CPU
		{DDF1E8A7-2C7D-4321-920F-6DA195202C0B}.Release|Any CPU.ActiveCfg = Release|Any CPU
		{DDF1E8A7-2C7D-4321-920F-6DA195202C0B}.Release|Any CPU.Build.0 = Release|Any CPU
		{FA6352DF-C422-41C4-9E74-6B4C6B90EE3B}.Debug|Any CPU.ActiveCfg = Debug|Any CPU
		{FA6352DF-C422-41C4-9E74-6B4C6B90EE3B}.Debug|Any CPU.Build.0 = Debug|Any CPU
		{FA6352DF-C422-41C4-9E74-6B4C6B90EE3B}.Release|Any CPU.ActiveCfg = Release|Any CPU
		{FA6352DF-C422-41C4-9E74-6B4C6B90EE3B}.Release|Any CPU.Build.0 = Release|Any CPU
		{07524B49-88D1-4D2C-9DC7-AE7920F91E81}.Debug|Any CPU.ActiveCfg = Debug|Any CPU
		{07524B49-88D1-4D2C-9DC7-AE7920F91E81}.Debug|Any CPU.Build.0 = Debug|Any CPU
		{07524B49-88D1-4D2C-9DC7-AE7920F91E81}.Release|Any CPU.ActiveCfg = Release|Any CPU
		{07524B49-88D1-4D2C-9DC7-AE7920F91E81}.Release|Any CPU.Build.0 = Release|Any CPU
		{C0CFEFEF-602B-48F1-93F0-866BDD1E93B1}.Debug|Any CPU.ActiveCfg = Debug|Any CPU
		{C0CFEFEF-602B-48F1-93F0-866BDD1E93B1}.Debug|Any CPU.Build.0 = Debug|Any CPU
		{C0CFEFEF-602B-48F1-93F0-866BDD1E93B1}.Release|Any CPU.ActiveCfg = Release|Any CPU
		{C0CFEFEF-602B-48F1-93F0-866BDD1E93B1}.Release|Any CPU.Build.0 = Release|Any CPU
		{13B5389A-611A-4BCF-A926-9B38EA957A22}.Debug|Any CPU.ActiveCfg = Debug|Any CPU
		{13B5389A-611A-4BCF-A926-9B38EA957A22}.Debug|Any CPU.Build.0 = Debug|Any CPU
		{13B5389A-611A-4BCF-A926-9B38EA957A22}.Release|Any CPU.ActiveCfg = Release|Any CPU
		{13B5389A-611A-4BCF-A926-9B38EA957A22}.Release|Any CPU.Build.0 = Release|Any CPU
	EndGlobalSection
	GlobalSection(NestedProjects) = preSolution
		{007C3613-7865-409E-B8EE-2786CDBD6CC5} = {F4442510-A053-4646-B0CE-DED5BBD40BAB}
		{7D102F61-647B-4EF9-8D3F-CFD01A6331ED} = {F4442510-A053-4646-B0CE-DED5BBD40BAB}
		{DDF1E8A7-2C7D-4321-920F-6DA195202C0B} = {F4442510-A053-4646-B0CE-DED5BBD40BAB}
		{FA6352DF-C422-41C4-9E74-6B4C6B90EE3B} = {F4442510-A053-4646-B0CE-DED5BBD40BAB}
		{07524B49-88D1-4D2C-9DC7-AE7920F91E81} = {F4442510-A053-4646-B0CE-DED5BBD40BAB}
		{C0CFEFEF-602B-48F1-93F0-866BDD1E93B1} = {6B612C3A-3DDE-46F2-B768-E0284DA2D5F7}
		{13B5389A-611A-4BCF-A926-9B38EA957A22} = {6B612C3A-3DDE-46F2-B768-E0284DA2D5F7}
	EndGlobalSection
EndGlobal
